# This file is autogenerated, do not edit; changes may be undone by the next 'dep ensure'.


[[projects]]
  branch = "master"
  digest = "1:938bb44db18e33f036fcc6b9395fb8f4484be626fb2d26f4c83900c62eab13fa"
  name = "github.com/bungle-suit/json"
  packages = ["."]
  pruneopts = "UT"
  revision = "98ee630728c5fb8d91936fdcc1126cbbf9c15262"

[[projects]]
  digest = "1:ffe9824d294da03b391f44e1ae8281281b4afc1bdaa9588c9097785e3af10cec"
  name = "github.com/davecgh/go-spew"
  packages = ["spew"]
  pruneopts = "UT"
  revision = "8991bc29aa16c548c550c7ff78260e27b9ab7c73"
  version = "v1.1.1"

[[projects]]
  digest = "1:586ea76dbd0374d6fb649a91d70d652b7fe0ccffb8910a77468e7702e7901f3d"
  name = "github.com/go-stack/stack"
  packages = ["."]
  pruneopts = "UT"
  revision = "2fee6af1a9795aafbe0253a0cfbdf668e1fb8a9a"
  version = "v1.8.0"

[[projects]]
  digest = "1:cf31692c14422fa27c83a05292eb5cbe0fb2775972e8f1f8446a71549bd8980b"
  name = "github.com/pkg/errors"
  packages = ["."]
  pruneopts = "UT"
  revision = "ba968bfe8b2f7e042a574c888954fccecfa385b4"
  version = "v0.8.1"

[[projects]]
  digest = "1:0028cb19b2e4c3112225cd871870f2d9cf49b9b4276531f03438a88e94be86fe"
  name = "github.com/pmezard/go-difflib"
  packages = ["difflib"]
  pruneopts = "UT"
  revision = "792786c7400a136282c1664665ae0a8db921c6c2"
  version = "v1.0.0"

[[projects]]
  branch = "master"
  digest = "1:b547f629a42787e4c3b2566546c8ae808ebdb1f8684ce91efa41234dbd7ef201"
  name = "github.com/redforks/errors"
  packages = ["."]
  pruneopts = "UT"
  revision = "d8d5ea272900d2ecbecff458ebc092969a1c79ae"

[[projects]]
  digest = "1:8548c309c65a85933a625be5e7d52b6ac927ca30c56869fae58123b8a77a75e1"
  name = "github.com/stretchr/testify"
  packages = ["assert"]
  pruneopts = "UT"
  revision = "221dbe5ed46703ee255b1da0dec05086f5035f62"
  version = "v1.4.0"

[[projects]]
  digest = "1:8458b1a19a304c09d8f109a9463a419f703e3d1a81615afcaf3593dcce6749b9"
  name = "go.mongodb.org/mongo-driver"
  packages = [
    "bson",
    "bson/bsoncodec",
    "bson/bsonrw",
    "bson/bsontype",
    "bson/primitive",
    "x/bsonx/bsoncore",
  ]
  pruneopts = "UT"
  revision = "c520d023af0a89aec8b7f97717b52da270df2c38"
  version = "v1.1.1"

[[projects]]
  digest = "1:4d2e5a73dc1500038e504a8d78b986630e3626dc027bc030ba5c75da257cdb96"
  name = "gopkg.in/yaml.v2"
  packages = ["."]
  pruneopts = "UT"
  revision = "51d6538a90f86fe93ac480b35f37b2be17fef232"
  version = "v2.2.2"

[solve-meta]
  analyzer-name = "dep"
  analyzer-version = 1
  input-imports = [
    "github.com/bungle-suit/json",
    "github.com/pkg/errors",
    "github.com/stretchr/testify/assert",
    "go.mongodb.org/mongo-driver/bson",
    "go.mongodb.org/mongo-driver/bson/bsoncodec",
    "go.mongodb.org/mongo-driver/bson/bsonrw",
    "go.mongodb.org/mongo-driver/bson/bsontype",
    "go.mongodb.org/mongo-driver/bson/primitive",
  ]
  solver-name = "gps-cdcl"
  solver-version = 1
